# THIS IS AN AUTOGENERATED FILE. DO NOT EDIT THIS FILE DIRECTLY.
# yarn lockfile v1


three@^0.115.0:
  version "0.115.0"
  resolved "https://registry.yarnpkg.com/three/-/three-0.115.0.tgz#540d800c381b9da2334c024f0fbe4d23f84eb05e"
  integrity sha512-mAV2Ky3RdcbdSbR9capI+tKLvRldWYxd4151PZTT/o7+U2jh9Is3a4KmnYwzyUAhB2ZA3pXSgCd2DOY4Tj5kow==
